
Microsoft Visual Studio Solution File, Format Version 12.00
# Visual Studio Version 16
VisualStudioVersion = 16.0.29806.167
MinimumVisualStudioVersion = 10.0.40219.1
Project("{FAE04EC0-301F-11D3-BF4B-00C04F79EFBC}") = "DMCommon", "DMCommon\DMCommon.csproj", "{24094BA1-CA13-4725-8A1E-2233B4BFCC79}"
EndProject
Project("{FAE04EC0-301F-11D3-BF4B-00C04F79EFBC}") = "DMMain", "DMMain\DMMain.csproj", "{1B78932F-B7C3-4846-84C8-BBBA2DD979BA}"
	ProjectSection(ProjectDependencies) = postProject
		{24094BA1-CA13-4725-8A1E-2233B4BFCC79} = {24094BA1-CA13-4725-8A1E-2233B4BFCC79}
	EndProjectSection
EndProject
Project("{FAE04EC0-301F-11D3-BF4B-00C04F79EFBC}") = "MSSQL", "DBMS\MSSQL\MSSQL.csproj", "{1BFF4B1B-1A76-4E63-A178-58F5756E718A}"
	ProjectSection(ProjectDependencies) = postProject
		{24094BA1-CA13-4725-8A1E-2233B4BFCC79} = {24094BA1-CA13-4725-8A1E-2233B4BFCC79}
	EndProjectSection
EndProject
Project("{FAE04EC0-301F-11D3-BF4B-00C04F79EFBC}") = "MySQL", "DBMS\MySQL\MySQL.csproj", "{E8DA2DBD-F410-4AC3-88DE-2698B9C9A622}"
EndProject
Project("{2150E333-8FDC-42A3-9474-1A3956D46DE8}") = "DBMS", "DBMS", "{34ADEAE1-4D26-4064-B7DD-7CEA42418B4E}"
EndProject
Project("{2150E333-8FDC-42A3-9474-1A3956D46DE8}") = "Filter", "Filter", "{7534B0B3-0508-4AA8-9A5C-EC6ED2472FD1}"
EndProject
Project("{2150E333-8FDC-42A3-9474-1A3956D46DE8}") = "Runner", "Runner", "{0F9B0F98-CA40-46A6-9734-45406AA490E2}"
EndProject
Project("{FAE04EC0-301F-11D3-BF4B-00C04F79EFBC}") = "PostgreSQL", "DBMS\PostgreSQL\PostgreSQL.csproj", "{E134D80E-2200-4346-A856-BA54B5AC85A3}"
EndProject
Project("{FAE04EC0-301F-11D3-BF4B-00C04F79EFBC}") = "Migration", "Runner\Migration\Migration.csproj", "{F81B0D61-9778-4F99-B6E5-3E12D82E50D0}"
EndProject
Project("{FAE04EC0-301F-11D3-BF4B-00C04F79EFBC}") = "Integration", "Runner\Integration\Integration.csproj", "{67ACFBCD-DE93-4FCB-B60D-A29099634EA2}"
EndProject
Project("{FAE04EC0-301F-11D3-BF4B-00C04F79EFBC}") = "Masking", "Runner\Masking\Masking.csproj", "{AAA9D809-7DC0-4788-A93F-69D700C14A77}"
EndProject
Project("{FAE04EC0-301F-11D3-BF4B-00C04F79EFBC}") = "Oracle", "DBMS\Oracle\Oracle.csproj", "{B3291F40-AFFE-4F78-96BF-A1478EF0F038}"
EndProject
Project("{FAE04EC0-301F-11D3-BF4B-00C04F79EFBC}") = "DB2", "DBMS\DB2\DB2.csproj", "{118189EE-1EB2-4103-827C-2979A5083C95}"
EndProject
Project("{FAE04EC0-301F-11D3-BF4B-00C04F79EFBC}") = "SampleFilter", "Filter\SampleFilter\SampleFilter.csproj", "{2DD8CAB3-445B-40A3-947D-55A2A3BB190F}"
EndProject
Project("{FAE04EC0-301F-11D3-BF4B-00C04F79EFBC}") = "MongoDB", "DBMS\MongoDB\MongoDB.csproj", "{DDAFE360-007C-4959-8C50-B4DF63D57FAF}"
EndProject
Project("{FAE04EC0-301F-11D3-BF4B-00C04F79EFBC}") = "Redis", "DBMS\Redis\Redis.csproj", "{8FBC5C0C-1F5D-47C8-B09A-613A52A7718B}"
EndProject
Global
	GlobalSection(SolutionConfigurationPlatforms) = preSolution
		Debug|x64 = Debug|x64
		Release|x64 = Release|x64
	EndGlobalSection
	GlobalSection(ProjectConfigurationPlatforms) = postSolution
		{24094BA1-CA13-4725-8A1E-2233B4BFCC79}.Debug|x64.ActiveCfg = Debug|x64
		{24094BA1-CA13-4725-8A1E-2233B4BFCC79}.Debug|x64.Build.0 = Debug|x64
		{24094BA1-CA13-4725-8A1E-2233B4BFCC79}.Release|x64.ActiveCfg = Release|x64
		{24094BA1-CA13-4725-8A1E-2233B4BFCC79}.Release|x64.Build.0 = Release|x64
		{1B78932F-B7C3-4846-84C8-BBBA2DD979BA}.Debug|x64.ActiveCfg = Debug|x64
		{1B78932F-B7C3-4846-84C8-BBBA2DD979BA}.Debug|x64.Build.0 = Debug|x64
		{1B78932F-B7C3-4846-84C8-BBBA2DD979BA}.Release|x64.ActiveCfg = Release|x64
		{1B78932F-B7C3-4846-84C8-BBBA2DD979BA}.Release|x64.Build.0 = Release|x64
		{1BFF4B1B-1A76-4E63-A178-58F5756E718A}.Debug|x64.ActiveCfg = Debug|x64
		{1BFF4B1B-1A76-4E63-A178-58F5756E718A}.Debug|x64.Build.0 = Debug|x64
		{1BFF4B1B-1A76-4E63-A178-58F5756E718A}.Release|x64.ActiveCfg = Release|x64
		{1BFF4B1B-1A76-4E63-A178-58F5756E718A}.Release|x64.Build.0 = Release|x64
		{E8DA2DBD-F410-4AC3-88DE-2698B9C9A622}.Debug|x64.ActiveCfg = Debug|x64
		{E8DA2DBD-F410-4AC3-88DE-2698B9C9A622}.Debug|x64.Build.0 = Debug|x64
		{E8DA2DBD-F410-4AC3-88DE-2698B9C9A622}.Release|x64.ActiveCfg = Release|x64
		{E8DA2DBD-F410-4AC3-88DE-2698B9C9A622}.Release|x64.Build.0 = Release|x64
		{E134D80E-2200-4346-A856-BA54B5AC85A3}.Debug|x64.ActiveCfg = Debug|x64
		{E134D80E-2200-4346-A856-BA54B5AC85A3}.Debug|x64.Build.0 = Debug|x64
		{E134D80E-2200-4346-A856-BA54B5AC85A3}.Release|x64.ActiveCfg = Release|x64
		{E134D80E-2200-4346-A856-BA54B5AC85A3}.Release|x64.Build.0 = Release|x64
		{F81B0D61-9778-4F99-B6E5-3E12D82E50D0}.Debug|x64.ActiveCfg = Debug|x64
		{F81B0D61-9778-4F99-B6E5-3E12D82E50D0}.Debug|x64.Build.0 = Debug|x64
		{F81B0D61-9778-4F99-B6E5-3E12D82E50D0}.Release|x64.ActiveCfg = Release|x64
		{F81B0D61-9778-4F99-B6E5-3E12D82E50D0}.Release|x64.Build.0 = Release|x64
		{67ACFBCD-DE93-4FCB-B60D-A29099634EA2}.Debug|x64.ActiveCfg = Debug|x64
		{67ACFBCD-DE93-4FCB-B60D-A29099634EA2}.Debug|x64.Build.0 = Debug|x64
		{67ACFBCD-DE93-4FCB-B60D-A29099634EA2}.Release|x64.ActiveCfg = Release|x64
		{67ACFBCD-DE93-4FCB-B60D-A29099634EA2}.Release|x64.Build.0 = Release|x64
		{AAA9D809-7DC0-4788-A93F-69D700C14A77}.Debug|x64.ActiveCfg = Debug|x64
		{AAA9D809-7DC0-4788-A93F-69D700C14A77}.Debug|x64.Build.0 = Debug|x64
		{AAA9D809-7DC0-4788-A93F-69D700C14A77}.Release|x64.ActiveCfg = Release|x64
		{AAA9D809-7DC0-4788-A93F-69D700C14A77}.Release|x64.Build.0 = Release|x64
		{B3291F40-AFFE-4F78-96BF-A1478EF0F038}.Debug|x64.ActiveCfg = Debug|x64
		{B3291F40-AFFE-4F78-96BF-A1478EF0F038}.Debug|x64.Build.0 = Debug|x64
		{B3291F40-AFFE-4F78-96BF-A1478EF0F038}.Release|x64.ActiveCfg = Release|x64
		{B3291F40-AFFE-4F78-96BF-A1478EF0F038}.Release|x64.Build.0 = Release|x64
		{118189EE-1EB2-4103-827C-2979A5083C95}.Debug|x64.ActiveCfg = Debug|x64
		{118189EE-1EB2-4103-827C-2979A5083C95}.Debug|x64.Build.0 = Debug|x64
		{118189EE-1EB2-4103-827C-2979A5083C95}.Release|x64.ActiveCfg = Release|x64
		{118189EE-1EB2-4103-827C-2979A5083C95}.Release|x64.Build.0 = Release|x64
		{2DD8CAB3-445B-40A3-947D-55A2A3BB190F}.Debug|x64.ActiveCfg = Debug|x64
		{2DD8CAB3-445B-40A3-947D-55A2A3BB190F}.Debug|x64.Build.0 = Debug|x64
		{2DD8CAB3-445B-40A3-947D-55A2A3BB190F}.Release|x64.ActiveCfg = Release|x64
		{2DD8CAB3-445B-40A3-947D-55A2A3BB190F}.Release|x64.Build.0 = Release|x64
		{DDAFE360-007C-4959-8C50-B4DF63D57FAF}.Debug|x64.ActiveCfg = Debug|x64
		{DDAFE360-007C-4959-8C50-B4DF63D57FAF}.Debug|x64.Build.0 = Debug|x64
		{DDAFE360-007C-4959-8C50-B4DF63D57FAF}.Release|x64.ActiveCfg = Release|x64
		{DDAFE360-007C-4959-8C50-B4DF63D57FAF}.Release|x64.Build.0 = Release|x64
		{8FBC5C0C-1F5D-47C8-B09A-613A52A7718B}.Debug|x64.ActiveCfg = Debug|x64
		{8FBC5C0C-1F5D-47C8-B09A-613A52A7718B}.Debug|x64.Build.0 = Debug|x64
		{8FBC5C0C-1F5D-47C8-B09A-613A52A7718B}.Release|x64.ActiveCfg = Release|x64
		{8FBC5C0C-1F5D-47C8-B09A-613A52A7718B}.Release|x64.Build.0 = Release|x64
	EndGlobalSection
	GlobalSection(SolutionProperties) = preSolution
		HideSolutionNode = FALSE
	EndGlobalSection
	GlobalSection(NestedProjects) = preSolution
		{1BFF4B1B-1A76-4E63-A178-58F5756E718A} = {34ADEAE1-4D26-4064-B7DD-7CEA42418B4E}
		{E8DA2DBD-F410-4AC3-88DE-2698B9C9A622} = {34ADEAE1-4D26-4064-B7DD-7CEA42418B4E}
		{E134D80E-2200-4346-A856-BA54B5AC85A3} = {34ADEAE1-4D26-4064-B7DD-7CEA42418B4E}
		{F81B0D61-9778-4F99-B6E5-3E12D82E50D0} = {0F9B0F98-CA40-46A6-9734-45406AA490E2}
		{67ACFBCD-DE93-4FCB-B60D-A29099634EA2} = {0F9B0F98-CA40-46A6-9734-45406AA490E2}
		{AAA9D809-7DC0-4788-A93F-69D700C14A77} = {0F9B0F98-CA40-46A6-9734-45406AA490E2}
		{B3291F40-AFFE-4F78-96BF-A1478EF0F038} = {34ADEAE1-4D26-4064-B7DD-7CEA42418B4E}
		{118189EE-1EB2-4103-827C-2979A5083C95} = {34ADEAE1-4D26-4064-B7DD-7CEA42418B4E}
		{2DD8CAB3-445B-40A3-947D-55A2A3BB190F} = {7534B0B3-0508-4AA8-9A5C-EC6ED2472FD1}
		{DDAFE360-007C-4959-8C50-B4DF63D57FAF} = {34ADEAE1-4D26-4064-B7DD-7CEA42418B4E}
		{8FBC5C0C-1F5D-47C8-B09A-613A52A7718B} = {34ADEAE1-4D26-4064-B7DD-7CEA42418B4E}
	EndGlobalSection
	GlobalSection(ExtensibilityGlobals) = postSolution
		SolutionGuid = {9C36DA14-FAD9-4905-A64D-6D408B5D9CC0}
	EndGlobalSection
EndGlobal
